
Microsoft Visual Studio Solution File, Format Version 12.00
# Visual Studio Version 16
VisualStudioVersion = 16.0.33214.272
MinimumVisualStudioVersion = 10.0.40219.1
Project("{FAE04EC0-301F-11D3-BF4B-00C04F79EFBC}") = "CertViewer", "src\CertViewer.csproj", "{39681E2E-24B9-4A6C-BED5-063848FDD47B}"
EndProject
Global
	GlobalSection(SolutionConfigurationPlatforms) = preSolution
		Debug|Any CPU = Debug|Any CPU
		Release|Any CPU = Release|Any CPU
	EndGlobalSection
	GlobalSection(ProjectConfigurationPlatforms) = postSolution
		{39681E2E-24B9-4A6C-BED5-063848FDD47B}.Debug|Any CPU.ActiveCfg = Debug|Any CPU
		{39681E2E-24B9-4A6C-BED5-063848FDD47B}.Debug|Any CPU.Build.0 = Debug|Any CPU
		{39681E2E-24B9-4A6C-BED5-063848FDD47B}.Release|Any CPU.ActiveCfg = Release|Any CPU
		{39681E2E-24B9-4A6C-BED5-063848FDD47B}.Release|Any CPU.Build.0 = Release|Any CPU
	EndGlobalSection
	GlobalSection(SolutionProperties) = preSolution
		HideSolutionNode = FALSE
	EndGlobalSection
	GlobalSection(ExtensibilityGlobals) = postSolution
		SolutionGuid = {A880B305-9455-4146-AA03-51BE12275399}
	EndGlobalSection
EndGlobal
